# This file is generated by running "yarn install" inside your project.
# Manual changes might be lost - proceed with caution!

__metadata:
  version: 4
  cacheKey: 8

"@types/prop-types@npm:*":
  version: 15.7.4
  resolution: "@types/prop-types@npm:15.7.4"
  checksum: ef6e1899e59b876c273811b1bd845022fc66d5a3d11cb38a25b6c566b30514ae38fe20a40f67622f362a4f4f7f9224e22d8da101cff3d6e97e11d7b4c307cfc1
  languageName: node
  linkType: hard

"@types/react@npm:^17.0.0":
  version: 17.0.18
  resolution: "@types/react@npm:17.0.18"
  dependencies:
    "@types/prop-types": "*"
    "@types/scheduler": "*"
    csstype: ^3.0.2
  checksum: 0b3d5fe0466b57c5539169671e29c4bdad2e2cf5b3eea25d443845d0153b2ddfbe0ef6d017f2f0a7ae49732d6fd14db189f9578ba0629790b896abe3a3ee44f3
  languageName: node
  linkType: hard

"@types/scheduler@npm:*":
  version: 0.16.2
  resolution: "@types/scheduler@npm:0.16.2"
  checksum: b6b4dcfeae6deba2e06a70941860fb1435730576d3689225a421280b7742318d1548b3d22c1f66ab68e414f346a9542f29240bc955b6332c5b11e561077583bc
  languageName: node
  linkType: hard

"@types/stylis@npm:^4.0.1":
  version: 4.0.1
  resolution: "@types/stylis@npm:4.0.1"
  checksum: 5979e6442a9853320e9b4b4b2da950732902bd0c0f1c1ecd47bcf87aeada5cb2696e3e7a65085571927bdf5009fb33476d53d6edd68d405489e1ac2f01d85043
  languageName: node
  linkType: hard

"@x/app2@workspace:p/app2":
  version: 0.0.0-use.local
  resolution: "@x/app2@workspace:p/app2"
  dependencies:
    stylis: 3.5.4
  languageName: unknown
  linkType: soft

"@x/app@workspace:p/app":
  version: 0.0.0-use.local
  resolution: "@x/app@workspace:p/app"
  dependencies:
    "@types/react": ^17.0.0
    "@types/stylis": ^4.0.1
    "@x/ui": "workspace:*"
    react: ^17.0.0
    stylis: ^4.0.10
    typescript: ^4.3.5
  languageName: unknown
  linkType: soft

"@x/ui@workspace:*, @x/ui@workspace:p/ui":
  version: 0.0.0-use.local
  resolution: "@x/ui@workspace:p/ui"
  dependencies:
    "@types/react": ^17.0.0
    react: ^17.0.0
    stylis: 3.5.4
    typescript: ^4.3.5
  peerDependencies:
    react: ^17.0.0
  languageName: unknown
  linkType: soft

"csstype@npm:^3.0.2":
  version: 3.0.8
  resolution: "csstype@npm:3.0.8"
  checksum: 5939a003858a31a32cbc52a8f45496aa0c2bcb4629b21c5bc14a7ddcac1a3d4adfd655f56843dc14940f60563378e9444af2c9c373b3f212601b9eeb6740b8db
  languageName: node
  linkType: hard

"js-tokens@npm:^3.0.0 || ^4.0.0":
  version: 4.0.0
  resolution: "js-tokens@npm:4.0.0"
  checksum: 8a95213a5a77deb6cbe94d86340e8d9ace2b93bc367790b260101d2f36a2eaf4e4e22d9fa9cf459b38af3a32fb4190e638024cf82ec95ef708680e405ea7cc78
  languageName: node
  linkType: hard

"loose-envify@npm:^1.1.0":
  version: 1.4.0
  resolution: "loose-envify@npm:1.4.0"
  dependencies:
    js-tokens: ^3.0.0 || ^4.0.0
  bin:
    loose-envify: cli.js
  checksum: 6517e24e0cad87ec9888f500c5b5947032cdfe6ef65e1c1936a0c48a524b81e65542c9c3edc91c97d5bddc806ee2a985dbc79be89215d613b1de5db6d1cfe6f4
  languageName: node
  linkType: hard

"object-assign@npm:^4.1.1":
  version: 4.1.1
  resolution: "object-assign@npm:4.1.1"
  checksum: fcc6e4ea8c7fe48abfbb552578b1c53e0d194086e2e6bbbf59e0a536381a292f39943c6e9628af05b5528aa5e3318bb30d6b2e53cadaf5b8fe9e12c4b69af23f
  languageName: node
  linkType: hard

"react@npm:^17.0.0":
  version: 17.0.2
  resolution: "react@npm:17.0.2"
  dependencies:
    loose-envify: ^1.1.0
    object-assign: ^4.1.1
  checksum: b254cc17ce3011788330f7bbf383ab653c6848902d7936a87b09d835d091e3f295f7e9dd1597c6daac5dc80f90e778c8230218ba8ad599f74adcc11e33b9d61b
  languageName: node
  linkType: hard

"stylis@npm:3.5.4":
  version: 3.5.4
  resolution: "stylis@npm:3.5.4"
  checksum: 3673a748ad236219bd77ca9c0a8730b8726812e612cbc844aa6f029f13666a10cf2825a5f8d41f05e8af02b5987d31b7d3ebe995e4b42e0255366fec23489b77
  languageName: node
  linkType: hard

"stylis@npm:^4.0.10":
  version: 4.0.10
  resolution: "stylis@npm:4.0.10"
  checksum: 0fecaf5c234ec3ffcb0afc21478742a815a21cb964365259789be9c1692e72e13d8c081c1150fd76ed2146633a3251cdecd6e0c120b158f44bd74c38f81cafb3
  languageName: node
  linkType: hard

typescript@^4.3.5:
  version: 4.3.5
  resolution: "typescript@npm:4.3.5"
  bin:
    tsc: bin/tsc
    tsserver: bin/tsserver
  checksum: bab033b5e2b0790dd35b77fd005df976ef80b8d84fd2c6e63cc31808151875beae9216e5a315fe7068e8499905c3c354248fe83272cdfc13b7705635f0c66c97
  languageName: node
  linkType: hard

"typescript@patch:typescript@^4.3.5#~builtin<compat/typescript>":
  version: 4.3.5
  resolution: "typescript@patch:typescript@npm%3A4.3.5#~builtin<compat/typescript>::version=4.3.5&hash=d8b4e7"
  bin:
    tsc: bin/tsc
    tsserver: bin/tsserver
  checksum: bc2c4fdf0f1557fdafe4ef74848c72ebd9c8c60829568248f869121aea2bb20e16649a252431d0acb185ec118143be22bed73d08f64379557810d82756afedde
  languageName: node
  linkType: hard

"yarn3test@workspace:.":
  version: 0.0.0-use.local
  resolution: "yarn3test@workspace:."
  languageName: unknown
  linkType: soft
